
Microsoft Visual Studio Solution File, Format Version 12.00
# Visual Studio Version 17
VisualStudioVersion = 17.4.33122.133
MinimumVisualStudioVersion = 10.0.40219.1
Project("{FAE04EC0-301F-11D3-BF4B-00C04F79EFBC}") = "C969 Scheduling Application", "C969 Scheduling Application.csproj", "{67EA6377-B3E0-4876-A8E8-03D7490F9A29}"
EndProject
Global
	GlobalSection(SolutionConfigurationPlatforms) = preSolution
		Debug|Any CPU = Debug|Any CPU
		Release|Any CPU = Release|Any CPU
	EndGlobalSection
	GlobalSection(ProjectConfigurationPlatforms) = postSolution
		{67EA6377-B3E0-4876-A8E8-03D7490F9A29}.Debug|Any CPU.ActiveCfg = Debug|Any CPU
		{67EA6377-B3E0-4876-A8E8-03D7490F9A29}.Debug|Any CPU.Build.0 = Debug|Any CPU
		{67EA6377-B3E0-4876-A8E8-03D7490F9A29}.Release|Any CPU.ActiveCfg = Release|Any CPU
		{67EA6377-B3E0-4876-A8E8-03D7490F9A29}.Release|Any CPU.Build.0 = Release|Any CPU
	EndGlobalSection
	GlobalSection(SolutionProperties) = preSolution
		HideSolutionNode = FALSE
	EndGlobalSection
	GlobalSection(ExtensibilityGlobals) = postSolution
		SolutionGuid = {94A5F2B3-53DF-42D8-B400-2B5FE68D7F70}
	EndGlobalSection
EndGlobal
